
Microsoft Visual Studio Solution File, Format Version 12.00
# Visual Studio Version 18
VisualStudioVersion = 18.0.11217.181
MinimumVisualStudioVersion = 10.0.40219.1
Project("{2150E333-8FDC-42A3-9474-1A3956D46DE8}") = "Auth", "Auth", "{826B3477-8BD0-4715-B3BA-821BF1113E79}"
EndProject
Project("{2150E333-8FDC-42A3-9474-1A3956D46DE8}") = ".SolutionItems", ".SolutionItems", "{B7F2546D-7AC9-405D-9043-D39BD8032151}"
EndProject
Project("{2150E333-8FDC-42A3-9474-1A3956D46DE8}") = "UI", "UI", "{A07AFEA5-386A-4286-B960-DC9475FD9A68}"
EndProject
Project("{2150E333-8FDC-42A3-9474-1A3956D46DE8}") = "Portal", "Portal", "{84D12866-2843-4BB8-B395-EFF0E168D3AC}"
EndProject
Project("{2150E333-8FDC-42A3-9474-1A3956D46DE8}") = "App1", "App1", "{718AD2BB-D895-4914-A1CE-6B977357BD37}"
EndProject
Project("{2150E333-8FDC-42A3-9474-1A3956D46DE8}") = "Scripts", "Scripts", "{3C23280D-6DEB-4B0C-9BFC-287D265DBC3B}"
	ProjectSection(SolutionItems) = preProject
		.SolutionItems\Scripts\RunAngular.bat = .SolutionItems\Scripts\RunAngular.bat
		.SolutionItems\Scripts\RunGrafana.bat = .SolutionItems\Scripts\RunGrafana.bat
	EndProjectSection
EndProject
Project("{FAE04EC0-301F-11D3-BF4B-00C04F79EFBC}") = "Portal.Server", "Portal\Portal.Server\Portal.Server.csproj", "{E022F856-5890-1687-37E5-3DB16BD764D3}"
EndProject
Project("{54A90642-561A-4BB1-A94E-469ADEE60C69}") = "Angular", "UI\Angular\Angular.esproj", "{461DB199-5ACB-B2E8-49BB-9DEBBAC9BB61}"
EndProject
Project("{FAE04EC0-301F-11D3-BF4B-00C04F79EFBC}") = "App1.Shared", "App1\App1.Shared\App1.Shared.csproj", "{272E5E34-7793-4B61-8F2C-8C079C618866}"
EndProject
Project("{FAE04EC0-301F-11D3-BF4B-00C04F79EFBC}") = "App1.Api", "App1\App1.Api\App1.Api.csproj", "{BCBD0FF5-E679-4363-AEBA-F7F89A738285}"
EndProject
Project("{FAE04EC0-301F-11D3-BF4B-00C04F79EFBC}") = "App1.Server", "App1\App1.Server\App1.Server.csproj", "{C8EDFB2D-4F39-471D-8570-4A5C8EFEE13D}"
EndProject
Project("{FAE04EC0-301F-11D3-BF4B-00C04F79EFBC}") = "Auth.Shared", "Auth\Auth.Shared\Auth.Shared.csproj", "{62D91210-619B-46F6-B455-91FF56BBF40A}"
EndProject
Project("{FAE04EC0-301F-11D3-BF4B-00C04F79EFBC}") = "Auth.Api", "Auth\Auth.Api\Auth.Api.csproj", "{72A047AE-048D-43B4-A0CF-C8969DDAE139}"
EndProject
Project("{FAE04EC0-301F-11D3-BF4B-00C04F79EFBC}") = "Auth.Server", "Auth\Auth.Server\Auth.Server.csproj", "{3C2373D4-62EE-4225-AE81-7CDEBF00D5E3}"
EndProject
Project("{2150E333-8FDC-42A3-9474-1A3956D46DE8}") = "System", "System", "{8B213102-688D-449E-818A-A8C87C6C0F5F}"
EndProject
Project("{FAE04EC0-301F-11D3-BF4B-00C04F79EFBC}") = "System.Services", "System\System.Services\System.Services.csproj", "{9FB38E03-BA88-604D-D5CE-8D1848A6C126}"
EndProject
Global
	GlobalSection(SolutionConfigurationPlatforms) = preSolution
		Debug|Any CPU = Debug|Any CPU
		Debug|x64 = Debug|x64
		Debug|x86 = Debug|x86
		Release|Any CPU = Release|Any CPU
		Release|x64 = Release|x64
		Release|x86 = Release|x86
	EndGlobalSection
	GlobalSection(ProjectConfigurationPlatforms) = postSolution
		{E022F856-5890-1687-37E5-3DB16BD764D3}.Debug|Any CPU.ActiveCfg = Debug|Any CPU
		{E022F856-5890-1687-37E5-3DB16BD764D3}.Debug|Any CPU.Build.0 = Debug|Any CPU
		{E022F856-5890-1687-37E5-3DB16BD764D3}.Debug|x64.ActiveCfg = Debug|Any CPU
		{E022F856-5890-1687-37E5-3DB16BD764D3}.Debug|x64.Build.0 = Debug|Any CPU
		{E022F856-5890-1687-37E5-3DB16BD764D3}.Debug|x86.ActiveCfg = Debug|Any CPU
		{E022F856-5890-1687-37E5-3DB16BD764D3}.Debug|x86.Build.0 = Debug|Any CPU
		{E022F856-5890-1687-37E5-3DB16BD764D3}.Release|Any CPU.ActiveCfg = Release|Any CPU
		{E022F856-5890-1687-37E5-3DB16BD764D3}.Release|Any CPU.Build.0 = Release|Any CPU
		{E022F856-5890-1687-37E5-3DB16BD764D3}.Release|x64.ActiveCfg = Release|Any CPU
		{E022F856-5890-1687-37E5-3DB16BD764D3}.Release|x64.Build.0 = Release|Any CPU
		{E022F856-5890-1687-37E5-3DB16BD764D3}.Release|x86.ActiveCfg = Release|Any CPU
		{E022F856-5890-1687-37E5-3DB16BD764D3}.Release|x86.Build.0 = Release|Any CPU
		{461DB199-5ACB-B2E8-49BB-9DEBBAC9BB61}.Debug|Any CPU.ActiveCfg = Debug|Any CPU
		{461DB199-5ACB-B2E8-49BB-9DEBBAC9BB61}.Debug|Any CPU.Build.0 = Debug|Any CPU
		{461DB199-5ACB-B2E8-49BB-9DEBBAC9BB61}.Debug|Any CPU.Deploy.0 = Debug|Any CPU
		{461DB199-5ACB-B2E8-49BB-9DEBBAC9BB61}.Debug|x64.ActiveCfg = Debug|x64
		{461DB199-5ACB-B2E8-49BB-9DEBBAC9BB61}.Debug|x86.ActiveCfg = Debug|x86
		{461DB199-5ACB-B2E8-49BB-9DEBBAC9BB61}.Release|Any CPU.ActiveCfg = Release|Any CPU
		{461DB199-5ACB-B2E8-49BB-9DEBBAC9BB61}.Release|Any CPU.Build.0 = Release|Any CPU
		{461DB199-5ACB-B2E8-49BB-9DEBBAC9BB61}.Release|Any CPU.Deploy.0 = Release|Any CPU
		{461DB199-5ACB-B2E8-49BB-9DEBBAC9BB61}.Release|x64.ActiveCfg = Release|x64
		{461DB199-5ACB-B2E8-49BB-9DEBBAC9BB61}.Release|x86.ActiveCfg = Release|x86
		{272E5E34-7793-4B61-8F2C-8C079C618866}.Debug|Any CPU.ActiveCfg = Debug|Any CPU
		{272E5E34-7793-4B61-8F2C-8C079C618866}.Debug|Any CPU.Build.0 = Debug|Any CPU
		{272E5E34-7793-4B61-8F2C-8C079C618866}.Debug|x64.ActiveCfg = Debug|Any CPU
		{272E5E34-7793-4B61-8F2C-8C079C618866}.Debug|x64.Build.0 = Debug|Any CPU
		{272E5E34-7793-4B61-8F2C-8C079C618866}.Debug|x86.ActiveCfg = Debug|Any CPU
		{272E5E34-7793-4B61-8F2C-8C079C618866}.Debug|x86.Build.0 = Debug|Any CPU
		{272E5E34-7793-4B61-8F2C-8C079C618866}.Release|Any CPU.ActiveCfg = Release|Any CPU
		{272E5E34-7793-4B61-8F2C-8C079C618866}.Release|Any CPU.Build.0 = Release|Any CPU
		{272E5E34-7793-4B61-8F2C-8C079C618866}.Release|x64.ActiveCfg = Release|Any CPU
		{272E5E34-7793-4B61-8F2C-8C079C618866}.Release|x64.Build.0 = Release|Any CPU
		{272E5E34-7793-4B61-8F2C-8C079C618866}.Release|x86.ActiveCfg = Release|Any CPU
		{272E5E34-7793-4B61-8F2C-8C079C618866}.Release|x86.Build.0 = Release|Any CPU
		{BCBD0FF5-E679-4363-AEBA-F7F89A738285}.Debug|Any CPU.ActiveCfg = Debug|Any CPU
		{BCBD0FF5-E679-4363-AEBA-F7F89A738285}.Debug|Any CPU.Build.0 = Debug|Any CPU
		{BCBD0FF5-E679-4363-AEBA-F7F89A738285}.Debug|x64.ActiveCfg = Debug|Any CPU
		{BCBD0FF5-E679-4363-AEBA-F7F89A738285}.Debug|x64.Build.0 = Debug|Any CPU
		{BCBD0FF5-E679-4363-AEBA-F7F89A738285}.Debug|x86.ActiveCfg = Debug|Any CPU
		{BCBD0FF5-E679-4363-AEBA-F7F89A738285}.Debug|x86.Build.0 = Debug|Any CPU
		{BCBD0FF5-E679-4363-AEBA-F7F89A738285}.Release|Any CPU.ActiveCfg = Release|Any CPU
		{BCBD0FF5-E679-4363-AEBA-F7F89A738285}.Release|Any CPU.Build.0 = Release|Any CPU
		{BCBD0FF5-E679-4363-AEBA-F7F89A738285}.Release|x64.ActiveCfg = Release|Any CPU
		{BCBD0FF5-E679-4363-AEBA-F7F89A738285}.Release|x64.Build.0 = Release|Any CPU
		{BCBD0FF5-E679-4363-AEBA-F7F89A738285}.Release|x86.ActiveCfg = Release|Any CPU
		{BCBD0FF5-E679-4363-AEBA-F7F89A738285}.Release|x86.Build.0 = Release|Any CPU
		{C8EDFB2D-4F39-471D-8570-4A5C8EFEE13D}.Debug|Any CPU.ActiveCfg = Debug|Any CPU
		{C8EDFB2D-4F39-471D-8570-4A5C8EFEE13D}.Debug|Any CPU.Build.0 = Debug|Any CPU
		{C8EDFB2D-4F39-471D-8570-4A5C8EFEE13D}.Debug|x64.ActiveCfg = Debug|Any CPU
		{C8EDFB2D-4F39-471D-8570-4A5C8EFEE13D}.Debug|x64.Build.0 = Debug|Any CPU
		{C8EDFB2D-4F39-471D-8570-4A5C8EFEE13D}.Debug|x86.ActiveCfg = Debug|Any CPU
		{C8EDFB2D-4F39-471D-8570-4A5C8EFEE13D}.Debug|x86.Build.0 = Debug|Any CPU
		{C8EDFB2D-4F39-471D-8570-4A5C8EFEE13D}.Release|Any CPU.ActiveCfg = Release|Any CPU
		{C8EDFB2D-4F39-471D-8570-4A5C8EFEE13D}.Release|Any CPU.Build.0 = Release|Any CPU
		{C8EDFB2D-4F39-471D-8570-4A5C8EFEE13D}.Release|x64.ActiveCfg = Release|Any CPU
		{C8EDFB2D-4F39-471D-8570-4A5C8EFEE13D}.Release|x64.Build.0 = Release|Any CPU
		{C8EDFB2D-4F39-471D-8570-4A5C8EFEE13D}.Release|x86.ActiveCfg = Release|Any CPU
		{C8EDFB2D-4F39-471D-8570-4A5C8EFEE13D}.Release|x86.Build.0 = Release|Any CPU
		{62D91210-619B-46F6-B455-91FF56BBF40A}.Debug|Any CPU.ActiveCfg = Debug|Any CPU
		{62D91210-619B-46F6-B455-91FF56BBF40A}.Debug|Any CPU.Build.0 = Debug|Any CPU
		{62D91210-619B-46F6-B455-91FF56BBF40A}.Debug|x64.ActiveCfg = Debug|Any CPU
		{62D91210-619B-46F6-B455-91FF56BBF40A}.Debug|x64.Build.0 = Debug|Any CPU
		{62D91210-619B-46F6-B455-91FF56BBF40A}.Debug|x86.ActiveCfg = Debug|Any CPU
		{62D91210-619B-46F6-B455-91FF56BBF40A}.Debug|x86.Build.0 = Debug|Any CPU
		{62D91210-619B-46F6-B455-91FF56BBF40A}.Release|Any CPU.ActiveCfg = Release|Any CPU
		{62D91210-619B-46F6-B455-91FF56BBF40A}.Release|Any CPU.Build.0 = Release|Any CPU
		{62D91210-619B-46F6-B455-91FF56BBF40A}.Release|x64.ActiveCfg = Release|Any CPU
		{62D91210-619B-46F6-B455-91FF56BBF40A}.Release|x64.Build.0 = Release|Any CPU
		{62D91210-619B-46F6-B455-91FF56BBF40A}.Release|x86.ActiveCfg = Release|Any CPU
		{62D91210-619B-46F6-B455-91FF56BBF40A}.Release|x86.Build.0 = Release|Any CPU
		{72A047AE-048D-43B4-A0CF-C8969DDAE139}.Debug|Any CPU.ActiveCfg = Debug|Any CPU
		{72A047AE-048D-43B4-A0CF-C8969DDAE139}.Debug|Any CPU.Build.0 = Debug|Any CPU
		{72A047AE-048D-43B4-A0CF-C8969DDAE139}.Debug|x64.ActiveCfg = Debug|Any CPU
		{72A047AE-048D-43B4-A0CF-C8969DDAE139}.Debug|x64.Build.0 = Debug|Any CPU
		{72A047AE-048D-43B4-A0CF-C8969DDAE139}.Debug|x86.ActiveCfg = Debug|Any CPU
		{72A047AE-048D-43B4-A0CF-C8969DDAE139}.Debug|x86.Build.0 = Debug|Any CPU
		{72A047AE-048D-43B4-A0CF-C8969DDAE139}.Release|Any CPU.ActiveCfg = Release|Any CPU
		{72A047AE-048D-43B4-A0CF-C8969DDAE139}.Release|Any CPU.Build.0 = Release|Any CPU
		{72A047AE-048D-43B4-A0CF-C8969DDAE139}.Release|x64.ActiveCfg = Release|Any CPU
		{72A047AE-048D-43B4-A0CF-C8969DDAE139}.Release|x64.Build.0 = Release|Any CPU
		{72A047AE-048D-43B4-A0CF-C8969DDAE139}.Release|x86.ActiveCfg = Release|Any CPU
		{72A047AE-048D-43B4-A0CF-C8969DDAE139}.Release|x86.Build.0 = Release|Any CPU
		{3C2373D4-62EE-4225-AE81-7CDEBF00D5E3}.Debug|Any CPU.ActiveCfg = Debug|Any CPU
		{3C2373D4-62EE-4225-AE81-7CDEBF00D5E3}.Debug|Any CPU.Build.0 = Debug|Any CPU
		{3C2373D4-62EE-4225-AE81-7CDEBF00D5E3}.Debug|x64.ActiveCfg = Debug|Any CPU
		{3C2373D4-62EE-4225-AE81-7CDEBF00D5E3}.Debug|x64.Build.0 = Debug|Any CPU
		{3C2373D4-62EE-4225-AE81-7CDEBF00D5E3}.Debug|x86.ActiveCfg = Debug|Any CPU
		{3C2373D4-62EE-4225-AE81-7CDEBF00D5E3}.Debug|x86.Build.0 = Debug|Any CPU
		{3C2373D4-62EE-4225-AE81-7CDEBF00D5E3}.Release|Any CPU.ActiveCfg = Release|Any CPU
		{3C2373D4-62EE-4225-AE81-7CDEBF00D5E3}.Release|Any CPU.Build.0 = Release|Any CPU
		{3C2373D4-62EE-4225-AE81-7CDEBF00D5E3}.Release|x64.ActiveCfg = Release|Any CPU
		{3C2373D4-62EE-4225-AE81-7CDEBF00D5E3}.Release|x64.Build.0 = Release|Any CPU
		{3C2373D4-62EE-4225-AE81-7CDEBF00D5E3}.Release|x86.ActiveCfg = Release|Any CPU
		{3C2373D4-62EE-4225-AE81-7CDEBF00D5E3}.Release|x86.Build.0 = Release|Any CPU
		{9FB38E03-BA88-604D-D5CE-8D1848A6C126}.Debug|Any CPU.ActiveCfg = Debug|Any CPU
		{9FB38E03-BA88-604D-D5CE-8D1848A6C126}.Debug|Any CPU.Build.0 = Debug|Any CPU
		{9FB38E03-BA88-604D-D5CE-8D1848A6C126}.Debug|x64.ActiveCfg = Debug|Any CPU
		{9FB38E03-BA88-604D-D5CE-8D1848A6C126}.Debug|x64.Build.0 = Debug|Any CPU
		{9FB38E03-BA88-604D-D5CE-8D1848A6C126}.Debug|x86.ActiveCfg = Debug|Any CPU
		{9FB38E03-BA88-604D-D5CE-8D1848A6C126}.Debug|x86.Build.0 = Debug|Any CPU
		{9FB38E03-BA88-604D-D5CE-8D1848A6C126}.Release|Any CPU.ActiveCfg = Release|Any CPU
		{9FB38E03-BA88-604D-D5CE-8D1848A6C126}.Release|Any CPU.Build.0 = Release|Any CPU
		{9FB38E03-BA88-604D-D5CE-8D1848A6C126}.Release|x64.ActiveCfg = Release|Any CPU
		{9FB38E03-BA88-604D-D5CE-8D1848A6C126}.Release|x64.Build.0 = Release|Any CPU
		{9FB38E03-BA88-604D-D5CE-8D1848A6C126}.Release|x86.ActiveCfg = Release|Any CPU
		{9FB38E03-BA88-604D-D5CE-8D1848A6C126}.Release|x86.Build.0 = Release|Any CPU
	EndGlobalSection
	GlobalSection(SolutionProperties) = preSolution
		HideSolutionNode = FALSE
	EndGlobalSection
	GlobalSection(NestedProjects) = preSolution
		{3C23280D-6DEB-4B0C-9BFC-287D265DBC3B} = {B7F2546D-7AC9-405D-9043-D39BD8032151}
		{E022F856-5890-1687-37E5-3DB16BD764D3} = {84D12866-2843-4BB8-B395-EFF0E168D3AC}
		{461DB199-5ACB-B2E8-49BB-9DEBBAC9BB61} = {A07AFEA5-386A-4286-B960-DC9475FD9A68}
		{272E5E34-7793-4B61-8F2C-8C079C618866} = {718AD2BB-D895-4914-A1CE-6B977357BD37}
		{BCBD0FF5-E679-4363-AEBA-F7F89A738285} = {718AD2BB-D895-4914-A1CE-6B977357BD37}
		{C8EDFB2D-4F39-471D-8570-4A5C8EFEE13D} = {718AD2BB-D895-4914-A1CE-6B977357BD37}
		{62D91210-619B-46F6-B455-91FF56BBF40A} = {826B3477-8BD0-4715-B3BA-821BF1113E79}
		{72A047AE-048D-43B4-A0CF-C8969DDAE139} = {826B3477-8BD0-4715-B3BA-821BF1113E79}
		{3C2373D4-62EE-4225-AE81-7CDEBF00D5E3} = {826B3477-8BD0-4715-B3BA-821BF1113E79}
		{9FB38E03-BA88-604D-D5CE-8D1848A6C126} = {8B213102-688D-449E-818A-A8C87C6C0F5F}
	EndGlobalSection
	GlobalSection(ExtensibilityGlobals) = postSolution
		SolutionGuid = {BD95AC6A-7177-42CE-AB6C-8BFF7958FDC2}
	EndGlobalSection
EndGlobal
