
Microsoft Visual Studio Solution File, Format Version 12.00
# Visual Studio Version 18
VisualStudioVersion = 18.0.11217.181
MinimumVisualStudioVersion = 10.0.40219.1
Project("{2150E333-8FDC-42A3-9474-1A3956D46DE8}") = "Auth", "Auth", "{826B3477-8BD0-4715-B3BA-821BF1113E79}"
EndProject
Project("{2150E333-8FDC-42A3-9474-1A3956D46DE8}") = ".SolutionItems", ".SolutionItems", "{B7F2546D-7AC9-405D-9043-D39BD8032151}"
EndProject
Project("{2150E333-8FDC-42A3-9474-1A3956D46DE8}") = "UI", "UI", "{A07AFEA5-386A-4286-B960-DC9475FD9A68}"
EndProject
Project("{2150E333-8FDC-42A3-9474-1A3956D46DE8}") = "Portal", "Portal", "{84D12866-2843-4BB8-B395-EFF0E168D3AC}"
EndProject
Project("{2150E333-8FDC-42A3-9474-1A3956D46DE8}") = "Scripts", "Scripts", "{3C23280D-6DEB-4B0C-9BFC-287D265DBC3B}"
	ProjectSection(SolutionItems) = preProject
		.SolutionItems\Scripts\RunAngular.bat = .SolutionItems\Scripts\RunAngular.bat
		.SolutionItems\Scripts\RunGrafana.bat = .SolutionItems\Scripts\RunGrafana.bat
	EndProjectSection
EndProject
Project("{FAE04EC0-301F-11D3-BF4B-00C04F79EFBC}") = "Portal.Server", "Portal\Portal.Server\Portal.Server.csproj", "{E022F856-5890-1687-37E5-3DB16BD764D3}"
EndProject
Project("{54A90642-561A-4BB1-A94E-469ADEE60C69}") = "Angular", "UI\Angular\Angular.esproj", "{461DB199-5ACB-B2E8-49BB-9DEBBAC9BB61}"
EndProject
Project("{FAE04EC0-301F-11D3-BF4B-00C04F79EFBC}") = "Auth.Shared", "Auth\Auth.Shared\Auth.Shared.csproj", "{62D91210-619B-46F6-B455-91FF56BBF40A}"
EndProject
Project("{FAE04EC0-301F-11D3-BF4B-00C04F79EFBC}") = "Auth.Api", "Auth\Auth.Api\Auth.Api.csproj", "{72A047AE-048D-43B4-A0CF-C8969DDAE139}"
EndProject
Project("{FAE04EC0-301F-11D3-BF4B-00C04F79EFBC}") = "Auth.Server", "Auth\Auth.Server\Auth.Server.csproj", "{3C2373D4-62EE-4225-AE81-7CDEBF00D5E3}"
EndProject
Project("{2150E333-8FDC-42A3-9474-1A3956D46DE8}") = "System", "System", "{8B213102-688D-449E-818A-A8C87C6C0F5F}"
EndProject
Project("{FAE04EC0-301F-11D3-BF4B-00C04F79EFBC}") = "System.Apis", "System\System.Apis\System.Apis.csproj", "{A152FCA5-7D16-A523-4E9F-98391A58B82D}"
EndProject
Project("{FAE04EC0-301F-11D3-BF4B-00C04F79EFBC}") = "System.Shared", "System\System.Shared\System.Shared.csproj", "{506C9F45-9348-486A-82B5-AE3D5BEB7418}"
EndProject
Project("{2150E333-8FDC-42A3-9474-1A3956D46DE8}") = "Functions", "Functions", "{FBC4BC77-EFBF-42A6-9E1F-F8F484EC353F}"
EndProject
Project("{FAE04EC0-301F-11D3-BF4B-00C04F79EFBC}") = "App1.Functions", "Functions\App1.Functions\App1.Functions.csproj", "{B824EAD4-1D59-4425-2B54-1A8260453EC6}"
EndProject
Project("{2150E333-8FDC-42A3-9474-1A3956D46DE8}") = "App", "App", "{DCDC99BE-8902-44FC-9637-5ADE5038B793}"
EndProject
Project("{FAE04EC0-301F-11D3-BF4B-00C04F79EFBC}") = "App.Shared", "App\App.Shared\App.Shared.csproj", "{DA2AD43B-E51D-A1A7-09E0-49C9E6BF68EF}"
EndProject
Project("{FAE04EC0-301F-11D3-BF4B-00C04F79EFBC}") = "App.Api", "App\App.Api\App.Api.csproj", "{483D20BD-7433-F66F-131E-9907A675FCBA}"
EndProject
Project("{FAE04EC0-301F-11D3-BF4B-00C04F79EFBC}") = "App.Server", "App\App.Server\App.Server.csproj", "{A9D2B37D-6FAD-CDC9-CB0B-80523AB467F1}"
EndProject
Project("{FAE04EC0-301F-11D3-BF4B-00C04F79EFBC}") = "System.Servers", "System\System.Servers\System.Servers.csproj", "{01A3AB49-BFE1-9F66-7C66-1A16F5E3DF0C}"
EndProject
Global
	GlobalSection(SolutionConfigurationPlatforms) = preSolution
		Debug|Any CPU = Debug|Any CPU
		Debug|x64 = Debug|x64
		Debug|x86 = Debug|x86
		Release|Any CPU = Release|Any CPU
		Release|x64 = Release|x64
		Release|x86 = Release|x86
	EndGlobalSection
	GlobalSection(ProjectConfigurationPlatforms) = postSolution
		{E022F856-5890-1687-37E5-3DB16BD764D3}.Debug|Any CPU.ActiveCfg = Debug|Any CPU
		{E022F856-5890-1687-37E5-3DB16BD764D3}.Debug|Any CPU.Build.0 = Debug|Any CPU
		{E022F856-5890-1687-37E5-3DB16BD764D3}.Debug|x64.ActiveCfg = Debug|Any CPU
		{E022F856-5890-1687-37E5-3DB16BD764D3}.Debug|x64.Build.0 = Debug|Any CPU
		{E022F856-5890-1687-37E5-3DB16BD764D3}.Debug|x86.ActiveCfg = Debug|Any CPU
		{E022F856-5890-1687-37E5-3DB16BD764D3}.Debug|x86.Build.0 = Debug|Any CPU
		{E022F856-5890-1687-37E5-3DB16BD764D3}.Release|Any CPU.ActiveCfg = Release|Any CPU
		{E022F856-5890-1687-37E5-3DB16BD764D3}.Release|Any CPU.Build.0 = Release|Any CPU
		{E022F856-5890-1687-37E5-3DB16BD764D3}.Release|x64.ActiveCfg = Release|Any CPU
		{E022F856-5890-1687-37E5-3DB16BD764D3}.Release|x64.Build.0 = Release|Any CPU
		{E022F856-5890-1687-37E5-3DB16BD764D3}.Release|x86.ActiveCfg = Release|Any CPU
		{E022F856-5890-1687-37E5-3DB16BD764D3}.Release|x86.Build.0 = Release|Any CPU
		{461DB199-5ACB-B2E8-49BB-9DEBBAC9BB61}.Debug|Any CPU.ActiveCfg = Debug|Any CPU
		{461DB199-5ACB-B2E8-49BB-9DEBBAC9BB61}.Debug|Any CPU.Build.0 = Debug|Any CPU
		{461DB199-5ACB-B2E8-49BB-9DEBBAC9BB61}.Debug|Any CPU.Deploy.0 = Debug|Any CPU
		{461DB199-5ACB-B2E8-49BB-9DEBBAC9BB61}.Debug|x64.ActiveCfg = Debug|x64
		{461DB199-5ACB-B2E8-49BB-9DEBBAC9BB61}.Debug|x86.ActiveCfg = Debug|x86
		{461DB199-5ACB-B2E8-49BB-9DEBBAC9BB61}.Release|Any CPU.ActiveCfg = Release|Any CPU
		{461DB199-5ACB-B2E8-49BB-9DEBBAC9BB61}.Release|Any CPU.Build.0 = Release|Any CPU
		{461DB199-5ACB-B2E8-49BB-9DEBBAC9BB61}.Release|Any CPU.Deploy.0 = Release|Any CPU
		{461DB199-5ACB-B2E8-49BB-9DEBBAC9BB61}.Release|x64.ActiveCfg = Release|x64
		{461DB199-5ACB-B2E8-49BB-9DEBBAC9BB61}.Release|x86.ActiveCfg = Release|x86
		{62D91210-619B-46F6-B455-91FF56BBF40A}.Debug|Any CPU.ActiveCfg = Debug|Any CPU
		{62D91210-619B-46F6-B455-91FF56BBF40A}.Debug|Any CPU.Build.0 = Debug|Any CPU
		{62D91210-619B-46F6-B455-91FF56BBF40A}.Debug|x64.ActiveCfg = Debug|Any CPU
		{62D91210-619B-46F6-B455-91FF56BBF40A}.Debug|x64.Build.0 = Debug|Any CPU
		{62D91210-619B-46F6-B455-91FF56BBF40A}.Debug|x86.ActiveCfg = Debug|Any CPU
		{62D91210-619B-46F6-B455-91FF56BBF40A}.Debug|x86.Build.0 = Debug|Any CPU
		{62D91210-619B-46F6-B455-91FF56BBF40A}.Release|Any CPU.ActiveCfg = Release|Any CPU
		{62D91210-619B-46F6-B455-91FF56BBF40A}.Release|Any CPU.Build.0 = Release|Any CPU
		{62D91210-619B-46F6-B455-91FF56BBF40A}.Release|x64.ActiveCfg = Release|Any CPU
		{62D91210-619B-46F6-B455-91FF56BBF40A}.Release|x64.Build.0 = Release|Any CPU
		{62D91210-619B-46F6-B455-91FF56BBF40A}.Release|x86.ActiveCfg = Release|Any CPU
		{62D91210-619B-46F6-B455-91FF56BBF40A}.Release|x86.Build.0 = Release|Any CPU
		{72A047AE-048D-43B4-A0CF-C8969DDAE139}.Debug|Any CPU.ActiveCfg = Debug|Any CPU
		{72A047AE-048D-43B4-A0CF-C8969DDAE139}.Debug|Any CPU.Build.0 = Debug|Any CPU
		{72A047AE-048D-43B4-A0CF-C8969DDAE139}.Debug|x64.ActiveCfg = Debug|Any CPU
		{72A047AE-048D-43B4-A0CF-C8969DDAE139}.Debug|x64.Build.0 = Debug|Any CPU
		{72A047AE-048D-43B4-A0CF-C8969DDAE139}.Debug|x86.ActiveCfg = Debug|Any CPU
		{72A047AE-048D-43B4-A0CF-C8969DDAE139}.Debug|x86.Build.0 = Debug|Any CPU
		{72A047AE-048D-43B4-A0CF-C8969DDAE139}.Release|Any CPU.ActiveCfg = Release|Any CPU
		{72A047AE-048D-43B4-A0CF-C8969DDAE139}.Release|Any CPU.Build.0 = Release|Any CPU
		{72A047AE-048D-43B4-A0CF-C8969DDAE139}.Release|x64.ActiveCfg = Release|Any CPU
		{72A047AE-048D-43B4-A0CF-C8969DDAE139}.Release|x64.Build.0 = Release|Any CPU
		{72A047AE-048D-43B4-A0CF-C8969DDAE139}.Release|x86.ActiveCfg = Release|Any CPU
		{72A047AE-048D-43B4-A0CF-C8969DDAE139}.Release|x86.Build.0 = Release|Any CPU
		{3C2373D4-62EE-4225-AE81-7CDEBF00D5E3}.Debug|Any CPU.ActiveCfg = Debug|Any CPU
		{3C2373D4-62EE-4225-AE81-7CDEBF00D5E3}.Debug|Any CPU.Build.0 = Debug|Any CPU
		{3C2373D4-62EE-4225-AE81-7CDEBF00D5E3}.Debug|x64.ActiveCfg = Debug|Any CPU
		{3C2373D4-62EE-4225-AE81-7CDEBF00D5E3}.Debug|x64.Build.0 = Debug|Any CPU
		{3C2373D4-62EE-4225-AE81-7CDEBF00D5E3}.Debug|x86.ActiveCfg = Debug|Any CPU
		{3C2373D4-62EE-4225-AE81-7CDEBF00D5E3}.Debug|x86.Build.0 = Debug|Any CPU
		{3C2373D4-62EE-4225-AE81-7CDEBF00D5E3}.Release|Any CPU.ActiveCfg = Release|Any CPU
		{3C2373D4-62EE-4225-AE81-7CDEBF00D5E3}.Release|Any CPU.Build.0 = Release|Any CPU
		{3C2373D4-62EE-4225-AE81-7CDEBF00D5E3}.Release|x64.ActiveCfg = Release|Any CPU
		{3C2373D4-62EE-4225-AE81-7CDEBF00D5E3}.Release|x64.Build.0 = Release|Any CPU
		{3C2373D4-62EE-4225-AE81-7CDEBF00D5E3}.Release|x86.ActiveCfg = Release|Any CPU
		{3C2373D4-62EE-4225-AE81-7CDEBF00D5E3}.Release|x86.Build.0 = Release|Any CPU
		{A152FCA5-7D16-A523-4E9F-98391A58B82D}.Debug|Any CPU.ActiveCfg = Debug|Any CPU
		{A152FCA5-7D16-A523-4E9F-98391A58B82D}.Debug|Any CPU.Build.0 = Debug|Any CPU
		{A152FCA5-7D16-A523-4E9F-98391A58B82D}.Debug|x64.ActiveCfg = Debug|Any CPU
		{A152FCA5-7D16-A523-4E9F-98391A58B82D}.Debug|x64.Build.0 = Debug|Any CPU
		{A152FCA5-7D16-A523-4E9F-98391A58B82D}.Debug|x86.ActiveCfg = Debug|Any CPU
		{A152FCA5-7D16-A523-4E9F-98391A58B82D}.Debug|x86.Build.0 = Debug|Any CPU
		{A152FCA5-7D16-A523-4E9F-98391A58B82D}.Release|Any CPU.ActiveCfg = Release|Any CPU
		{A152FCA5-7D16-A523-4E9F-98391A58B82D}.Release|Any CPU.Build.0 = Release|Any CPU
		{A152FCA5-7D16-A523-4E9F-98391A58B82D}.Release|x64.ActiveCfg = Release|Any CPU
		{A152FCA5-7D16-A523-4E9F-98391A58B82D}.Release|x64.Build.0 = Release|Any CPU
		{A152FCA5-7D16-A523-4E9F-98391A58B82D}.Release|x86.ActiveCfg = Release|Any CPU
		{A152FCA5-7D16-A523-4E9F-98391A58B82D}.Release|x86.Build.0 = Release|Any CPU
		{506C9F45-9348-486A-82B5-AE3D5BEB7418}.Debug|Any CPU.ActiveCfg = Debug|Any CPU
		{506C9F45-9348-486A-82B5-AE3D5BEB7418}.Debug|Any CPU.Build.0 = Debug|Any CPU
		{506C9F45-9348-486A-82B5-AE3D5BEB7418}.Debug|x64.ActiveCfg = Debug|Any CPU
		{506C9F45-9348-486A-82B5-AE3D5BEB7418}.Debug|x64.Build.0 = Debug|Any CPU
		{506C9F45-9348-486A-82B5-AE3D5BEB7418}.Debug|x86.ActiveCfg = Debug|Any CPU
		{506C9F45-9348-486A-82B5-AE3D5BEB7418}.Debug|x86.Build.0 = Debug|Any CPU
		{506C9F45-9348-486A-82B5-AE3D5BEB7418}.Release|Any CPU.ActiveCfg = Release|Any CPU
		{506C9F45-9348-486A-82B5-AE3D5BEB7418}.Release|Any CPU.Build.0 = Release|Any CPU
		{506C9F45-9348-486A-82B5-AE3D5BEB7418}.Release|x64.ActiveCfg = Release|Any CPU
		{506C9F45-9348-486A-82B5-AE3D5BEB7418}.Release|x64.Build.0 = Release|Any CPU
		{506C9F45-9348-486A-82B5-AE3D5BEB7418}.Release|x86.ActiveCfg = Release|Any CPU
		{506C9F45-9348-486A-82B5-AE3D5BEB7418}.Release|x86.Build.0 = Release|Any CPU
		{B824EAD4-1D59-4425-2B54-1A8260453EC6}.Debug|Any CPU.ActiveCfg = Debug|Any CPU
		{B824EAD4-1D59-4425-2B54-1A8260453EC6}.Debug|Any CPU.Build.0 = Debug|Any CPU
		{B824EAD4-1D59-4425-2B54-1A8260453EC6}.Debug|x64.ActiveCfg = Debug|Any CPU
		{B824EAD4-1D59-4425-2B54-1A8260453EC6}.Debug|x64.Build.0 = Debug|Any CPU
		{B824EAD4-1D59-4425-2B54-1A8260453EC6}.Debug|x86.ActiveCfg = Debug|Any CPU
		{B824EAD4-1D59-4425-2B54-1A8260453EC6}.Debug|x86.Build.0 = Debug|Any CPU
		{B824EAD4-1D59-4425-2B54-1A8260453EC6}.Release|Any CPU.ActiveCfg = Release|Any CPU
		{B824EAD4-1D59-4425-2B54-1A8260453EC6}.Release|Any CPU.Build.0 = Release|Any CPU
		{B824EAD4-1D59-4425-2B54-1A8260453EC6}.Release|x64.ActiveCfg = Release|Any CPU
		{B824EAD4-1D59-4425-2B54-1A8260453EC6}.Release|x64.Build.0 = Release|Any CPU
		{B824EAD4-1D59-4425-2B54-1A8260453EC6}.Release|x86.ActiveCfg = Release|Any CPU
		{B824EAD4-1D59-4425-2B54-1A8260453EC6}.Release|x86.Build.0 = Release|Any CPU
		{DA2AD43B-E51D-A1A7-09E0-49C9E6BF68EF}.Debug|Any CPU.ActiveCfg = Debug|Any CPU
		{DA2AD43B-E51D-A1A7-09E0-49C9E6BF68EF}.Debug|Any CPU.Build.0 = Debug|Any CPU
		{DA2AD43B-E51D-A1A7-09E0-49C9E6BF68EF}.Debug|x64.ActiveCfg = Debug|Any CPU
		{DA2AD43B-E51D-A1A7-09E0-49C9E6BF68EF}.Debug|x64.Build.0 = Debug|Any CPU
		{DA2AD43B-E51D-A1A7-09E0-49C9E6BF68EF}.Debug|x86.ActiveCfg = Debug|Any CPU
		{DA2AD43B-E51D-A1A7-09E0-49C9E6BF68EF}.Debug|x86.Build.0 = Debug|Any CPU
		{DA2AD43B-E51D-A1A7-09E0-49C9E6BF68EF}.Release|Any CPU.ActiveCfg = Release|Any CPU
		{DA2AD43B-E51D-A1A7-09E0-49C9E6BF68EF}.Release|Any CPU.Build.0 = Release|Any CPU
		{DA2AD43B-E51D-A1A7-09E0-49C9E6BF68EF}.Release|x64.ActiveCfg = Release|Any CPU
		{DA2AD43B-E51D-A1A7-09E0-49C9E6BF68EF}.Release|x64.Build.0 = Release|Any CPU
		{DA2AD43B-E51D-A1A7-09E0-49C9E6BF68EF}.Release|x86.ActiveCfg = Release|Any CPU
		{DA2AD43B-E51D-A1A7-09E0-49C9E6BF68EF}.Release|x86.Build.0 = Release|Any CPU
		{483D20BD-7433-F66F-131E-9907A675FCBA}.Debug|Any CPU.ActiveCfg = Debug|Any CPU
		{483D20BD-7433-F66F-131E-9907A675FCBA}.Debug|Any CPU.Build.0 = Debug|Any CPU
		{483D20BD-7433-F66F-131E-9907A675FCBA}.Debug|x64.ActiveCfg = Debug|Any CPU
		{483D20BD-7433-F66F-131E-9907A675FCBA}.Debug|x64.Build.0 = Debug|Any CPU
		{483D20BD-7433-F66F-131E-9907A675FCBA}.Debug|x86.ActiveCfg = Debug|Any CPU
		{483D20BD-7433-F66F-131E-9907A675FCBA}.Debug|x86.Build.0 = Debug|Any CPU
		{483D20BD-7433-F66F-131E-9907A675FCBA}.Release|Any CPU.ActiveCfg = Release|Any CPU
		{483D20BD-7433-F66F-131E-9907A675FCBA}.Release|Any CPU.Build.0 = Release|Any CPU
		{483D20BD-7433-F66F-131E-9907A675FCBA}.Release|x64.ActiveCfg = Release|Any CPU
		{483D20BD-7433-F66F-131E-9907A675FCBA}.Release|x64.Build.0 = Release|Any CPU
		{483D20BD-7433-F66F-131E-9907A675FCBA}.Release|x86.ActiveCfg = Release|Any CPU
		{483D20BD-7433-F66F-131E-9907A675FCBA}.Release|x86.Build.0 = Release|Any CPU
		{A9D2B37D-6FAD-CDC9-CB0B-80523AB467F1}.Debug|Any CPU.ActiveCfg = Debug|Any CPU
		{A9D2B37D-6FAD-CDC9-CB0B-80523AB467F1}.Debug|Any CPU.Build.0 = Debug|Any CPU
		{A9D2B37D-6FAD-CDC9-CB0B-80523AB467F1}.Debug|x64.ActiveCfg = Debug|Any CPU
		{A9D2B37D-6FAD-CDC9-CB0B-80523AB467F1}.Debug|x64.Build.0 = Debug|Any CPU
		{A9D2B37D-6FAD-CDC9-CB0B-80523AB467F1}.Debug|x86.ActiveCfg = Debug|Any CPU
		{A9D2B37D-6FAD-CDC9-CB0B-80523AB467F1}.Debug|x86.Build.0 = Debug|Any CPU
		{A9D2B37D-6FAD-CDC9-CB0B-80523AB467F1}.Release|Any CPU.ActiveCfg = Release|Any CPU
		{A9D2B37D-6FAD-CDC9-CB0B-80523AB467F1}.Release|Any CPU.Build.0 = Release|Any CPU
		{A9D2B37D-6FAD-CDC9-CB0B-80523AB467F1}.Release|x64.ActiveCfg = Release|Any CPU
		{A9D2B37D-6FAD-CDC9-CB0B-80523AB467F1}.Release|x64.Build.0 = Release|Any CPU
		{A9D2B37D-6FAD-CDC9-CB0B-80523AB467F1}.Release|x86.ActiveCfg = Release|Any CPU
		{A9D2B37D-6FAD-CDC9-CB0B-80523AB467F1}.Release|x86.Build.0 = Release|Any CPU
		{01A3AB49-BFE1-9F66-7C66-1A16F5E3DF0C}.Debug|Any CPU.ActiveCfg = Debug|Any CPU
		{01A3AB49-BFE1-9F66-7C66-1A16F5E3DF0C}.Debug|Any CPU.Build.0 = Debug|Any CPU
		{01A3AB49-BFE1-9F66-7C66-1A16F5E3DF0C}.Debug|x64.ActiveCfg = Debug|Any CPU
		{01A3AB49-BFE1-9F66-7C66-1A16F5E3DF0C}.Debug|x64.Build.0 = Debug|Any CPU
		{01A3AB49-BFE1-9F66-7C66-1A16F5E3DF0C}.Debug|x86.ActiveCfg = Debug|Any CPU
		{01A3AB49-BFE1-9F66-7C66-1A16F5E3DF0C}.Debug|x86.Build.0 = Debug|Any CPU
		{01A3AB49-BFE1-9F66-7C66-1A16F5E3DF0C}.Release|Any CPU.ActiveCfg = Release|Any CPU
		{01A3AB49-BFE1-9F66-7C66-1A16F5E3DF0C}.Release|Any CPU.Build.0 = Release|Any CPU
		{01A3AB49-BFE1-9F66-7C66-1A16F5E3DF0C}.Release|x64.ActiveCfg = Release|Any CPU
		{01A3AB49-BFE1-9F66-7C66-1A16F5E3DF0C}.Release|x64.Build.0 = Release|Any CPU
		{01A3AB49-BFE1-9F66-7C66-1A16F5E3DF0C}.Release|x86.ActiveCfg = Release|Any CPU
		{01A3AB49-BFE1-9F66-7C66-1A16F5E3DF0C}.Release|x86.Build.0 = Release|Any CPU
	EndGlobalSection
	GlobalSection(SolutionProperties) = preSolution
		HideSolutionNode = FALSE
	EndGlobalSection
	GlobalSection(NestedProjects) = preSolution
		{3C23280D-6DEB-4B0C-9BFC-287D265DBC3B} = {B7F2546D-7AC9-405D-9043-D39BD8032151}
		{E022F856-5890-1687-37E5-3DB16BD764D3} = {84D12866-2843-4BB8-B395-EFF0E168D3AC}
		{461DB199-5ACB-B2E8-49BB-9DEBBAC9BB61} = {A07AFEA5-386A-4286-B960-DC9475FD9A68}
		{62D91210-619B-46F6-B455-91FF56BBF40A} = {826B3477-8BD0-4715-B3BA-821BF1113E79}
		{72A047AE-048D-43B4-A0CF-C8969DDAE139} = {826B3477-8BD0-4715-B3BA-821BF1113E79}
		{3C2373D4-62EE-4225-AE81-7CDEBF00D5E3} = {826B3477-8BD0-4715-B3BA-821BF1113E79}
		{A152FCA5-7D16-A523-4E9F-98391A58B82D} = {8B213102-688D-449E-818A-A8C87C6C0F5F}
		{506C9F45-9348-486A-82B5-AE3D5BEB7418} = {8B213102-688D-449E-818A-A8C87C6C0F5F}
		{B824EAD4-1D59-4425-2B54-1A8260453EC6} = {FBC4BC77-EFBF-42A6-9E1F-F8F484EC353F}
		{DA2AD43B-E51D-A1A7-09E0-49C9E6BF68EF} = {DCDC99BE-8902-44FC-9637-5ADE5038B793}
		{483D20BD-7433-F66F-131E-9907A675FCBA} = {DCDC99BE-8902-44FC-9637-5ADE5038B793}
		{A9D2B37D-6FAD-CDC9-CB0B-80523AB467F1} = {DCDC99BE-8902-44FC-9637-5ADE5038B793}
		{01A3AB49-BFE1-9F66-7C66-1A16F5E3DF0C} = {8B213102-688D-449E-818A-A8C87C6C0F5F}
	EndGlobalSection
	GlobalSection(ExtensibilityGlobals) = postSolution
		SolutionGuid = {BD95AC6A-7177-42CE-AB6C-8BFF7958FDC2}
	EndGlobalSection
EndGlobal
